
Microsoft Visual Studio Solution File, Format Version 12.00
# Visual Studio Version 17
VisualStudioVersion = 17.6.33829.357
MinimumVisualStudioVersion = 10.0.40219.1
Project("{9A19103F-16F7-4668-BE54-9A1E7A4F7556}") = "ConsumerAlpha", "ConsumerAlpha\ConsumerAlpha.csproj", "{98AD7F09-804C-4B96-AE9F-9D60B7ECA092}"
EndProject
Project("{9A19103F-16F7-4668-BE54-9A1E7A4F7556}") = "CommonLibrary", "CommonLibrary\CommonLibrary.csproj", "{DDA11FA6-51D5-4918-AA2B-F063B52AB0C1}"
EndProject
Project("{9A19103F-16F7-4668-BE54-9A1E7A4F7556}") = "ConsumerBeta", "ConsumerBeta\ConsumerBeta.csproj", "{F64BBDF0-304D-4A71-862F-86225168354F}"
EndProject
Project("{9A19103F-16F7-4668-BE54-9A1E7A4F7556}") = "Producer", "Producer\Producer.csproj", "{E84FBCA7-D7E2-435E-9178-1A3A0E1D5FE7}"
EndProject
Global
	GlobalSection(SolutionConfigurationPlatforms) = preSolution
		Debug|Any CPU = Debug|Any CPU
		Release|Any CPU = Release|Any CPU
	EndGlobalSection
	GlobalSection(ProjectConfigurationPlatforms) = postSolution
		{98AD7F09-804C-4B96-AE9F-9D60B7ECA092}.Debug|Any CPU.ActiveCfg = Debug|Any CPU
		{98AD7F09-804C-4B96-AE9F-9D60B7ECA092}.Debug|Any CPU.Build.0 = Debug|Any CPU
		{98AD7F09-804C-4B96-AE9F-9D60B7ECA092}.Release|Any CPU.ActiveCfg = Release|Any CPU
		{98AD7F09-804C-4B96-AE9F-9D60B7ECA092}.Release|Any CPU.Build.0 = Release|Any CPU
		{DDA11FA6-51D5-4918-AA2B-F063B52AB0C1}.Debug|Any CPU.ActiveCfg = Debug|Any CPU
		{DDA11FA6-51D5-4918-AA2B-F063B52AB0C1}.Debug|Any CPU.Build.0 = Debug|Any CPU
		{DDA11FA6-51D5-4918-AA2B-F063B52AB0C1}.Release|Any CPU.ActiveCfg = Release|Any CPU
		{DDA11FA6-51D5-4918-AA2B-F063B52AB0C1}.Release|Any CPU.Build.0 = Release|Any CPU
		{F64BBDF0-304D-4A71-862F-86225168354F}.Debug|Any CPU.ActiveCfg = Debug|Any CPU
		{F64BBDF0-304D-4A71-862F-86225168354F}.Debug|Any CPU.Build.0 = Debug|Any CPU
		{F64BBDF0-304D-4A71-862F-86225168354F}.Release|Any CPU.ActiveCfg = Release|Any CPU
		{F64BBDF0-304D-4A71-862F-86225168354F}.Release|Any CPU.Build.0 = Release|Any CPU
		{E84FBCA7-D7E2-435E-9178-1A3A0E1D5FE7}.Debug|Any CPU.ActiveCfg = Debug|Any CPU
		{E84FBCA7-D7E2-435E-9178-1A3A0E1D5FE7}.Debug|Any CPU.Build.0 = Debug|Any CPU
		{E84FBCA7-D7E2-435E-9178-1A3A0E1D5FE7}.Release|Any CPU.ActiveCfg = Release|Any CPU
		{E84FBCA7-D7E2-435E-9178-1A3A0E1D5FE7}.Release|Any CPU.Build.0 = Release|Any CPU
	EndGlobalSection
	GlobalSection(SolutionProperties) = preSolution
		HideSolutionNode = FALSE
	EndGlobalSection
	GlobalSection(ExtensibilityGlobals) = postSolution
		SolutionGuid = {A282E7AE-2675-49AE-9B1B-18B5BBF795B7}
	EndGlobalSection
EndGlobal
